Microsoft Visual Studio Solution File, Format Version 12.00
# Visual Studio Version 17
VisualStudioVersion = 17.5.2.0
MinimumVisualStudioVersion = 10.0.40219.1
Project("{FAE04EC0-301F-11D3-BF4B-00C04F79EFBC}") = "Garbage--Collector-CLI", "Garbage--Collector-CLI.csproj", "{C321D118-98C2-9D04-E872-2E931638F77F}"
EndProject
Global
	GlobalSection(SolutionConfigurationPlatforms) = preSolution
		Debug|Any CPU = Debug|Any CPU
		Release|Any CPU = Release|Any CPU
	EndGlobalSection
	GlobalSection(ProjectConfigurationPlatforms) = postSolution
		{C321D118-98C2-9D04-E872-2E931638F77F}.Debug|Any CPU.ActiveCfg = Debug|Any CPU
		{C321D118-98C2-9D04-E872-2E931638F77F}.Debug|Any CPU.Build.0 = Debug|Any CPU
		{C321D118-98C2-9D04-E872-2E931638F77F}.Release|Any CPU.ActiveCfg = Release|Any CPU
		{C321D118-98C2-9D04-E872-2E931638F77F}.Release|Any CPU.Build.0 = Release|Any CPU
	EndGlobalSection
	GlobalSection(SolutionProperties) = preSolution
		HideSolutionNode = FALSE
	EndGlobalSection
	GlobalSection(ExtensibilityGlobals) = postSolution
		SolutionGuid = {D1DF9CDD-5E26-4606-9D1F-070BC2379AF7}
	EndGlobalSection
EndGlobal
